
Microsoft Visual Studio Solution File, Format Version 11.00
# Visual Studio 2010
Project("{FAE04EC0-301F-11D3-BF4B-00C04F79EFBC}") = "TestApp", "TestApp\TestApp.csproj", "{8B549476-06B4-4EC6-A6DE-0D6ABA6EAFA6}"
EndProject
Project("{2150E333-8FDC-42A3-9474-1A3956D46DE8}") = ".nuget", ".nuget", "{971130BF-C82B-46D1-879D-8D20ACA46829}"
	ProjectSection(SolutionItems) = preProject
		.nuget\NuGet.exe = .nuget\NuGet.exe
		.nuget\NuGet.targets = .nuget\NuGet.targets
	EndProjectSection
EndProject
Global
	GlobalSection(SolutionConfigurationPlatforms) = preSolution
		Debug|Any CPU = Debug|Any CPU
		Release|Any CPU = Release|Any CPU
	EndGlobalSection
	GlobalSection(ProjectConfigurationPlatforms) = postSolution
		{8B549476-06B4-4EC6-A6DE-0D6ABA6EAFA6}.Debug|Any CPU.ActiveCfg = Debug|Any CPU
		{8B549476-06B4-4EC6-A6DE-0D6ABA6EAFA6}.Debug|Any CPU.Build.0 = Debug|Any CPU
		{8B549476-06B4-4EC6-A6DE-0D6ABA6EAFA6}.Release|Any CPU.ActiveCfg = Release|Any CPU
		{8B549476-06B4-4EC6-A6DE-0D6ABA6EAFA6}.Release|Any CPU.Build.0 = Release|Any CPU
	EndGlobalSection
	GlobalSection(SolutionProperties) = preSolution
		HideSolutionNode = FALSE
	EndGlobalSection
EndGlobal
